{
    "_readme": [
        "This file locks the dependencies of your project to a known state",
        "Read more about it at https://getcomposer.org/doc/01-basic-usage.md#installing-dependencies",
        "This file is @generated automatically"
    ],
    "content-hash": "a70db128bf70a67b10e1ba831344da37",
    "packages": [
        {
            "name": "hhvm/hhvm-autoload",
            "version": "v3.2.0",
            "source": {
                "type": "git",
                "url": "https://github.com/hhvm/hhvm-autoload.git",
                "reference": "2c92708ac3c7ba9bb6d93c4bf7d97ea422ae41a2"
            },
            "dist": {
                "type": "zip",
                "url": "https://api.github.com/repos/hhvm/hhvm-autoload/zipball/2c92708ac3c7ba9bb6d93c4bf7d97ea422ae41a2",
                "reference": "2c92708ac3c7ba9bb6d93c4bf7d97ea422ae41a2",
                "shasum": ""
            },
            "require": {
                "composer-plugin-api": "^1.0|^2.0",
                "hhvm": "^4.67",
                "hhvm/hsl": "^4.0"
            },
            "replace": {
                "facebook/hhvm-autoload": "1.*"
            },
            "require-dev": {
                "facebook/fbexpect": "^2.1",
                "hhvm/hacktest": "^2.0"
            },
            "bin": [
                "bin/hh-autoload",
                "bin/hh-autoload.hack"
            ],
            "type": "composer-plugin",
            "extra": {
                "class": [
                    "Facebook\\AutoloadMap\\ComposerPlugin"
                ],
                "branch-alias": {
                    "dev-master": "3.x-dev",
                    "dev-CI_current_pull_request": "3.x-dev"
                }
            },
            "autoload": {
                "classmap": [
                    "ComposerPlugin.php"
                ]
            },
            "notification-url": "https://packagist.org/downloads/",
            "license": [
                "MIT"
            ],
            "support": {
                "issues": "https://github.com/hhvm/hhvm-autoload/issues",
                "source": "https://github.com/hhvm/hhvm-autoload/tree/v3.2.0"
            },
            "time": "2020-12-11T21:40:51+00:00"
        },
        {
            "name": "hhvm/hsl",
            "version": "v4.108.1",
            "source": {
                "type": "git",
                "url": "https://github.com/hhvm/hsl.git",
                "reference": "3b4375e6adf63ac9171721b031b662dd3524c5bb"
            },
            "dist": {
                "type": "zip",
                "url": "https://api.github.com/repos/hhvm/hsl/zipball/3b4375e6adf63ac9171721b031b662dd3524c5bb",
                "reference": "3b4375e6adf63ac9171721b031b662dd3524c5bb",
                "shasum": ""
            },
            "require": {
                "hhvm": "^4.108"
            },
            "require-dev": {
                "facebook/fbexpect": "^2.5.1",
                "hhvm/hacktest": "^1.0|^2.0",
                "hhvm/hhvm-autoload": "^2.0|^3.0",
                "hhvm/hsl-experimental": "^4.37|dev-master"
            },
            "type": "library",
            "extra": {
                "branch-alias": {
                    "dev-master": "4.x-dev",
                    "dev-CI_current_pull_request": "4.x-dev"
                }
            },
            "notification-url": "https://packagist.org/downloads/",
            "license": [
                "MIT"
            ],
            "description": "The Hack Standard Library",
            "support": {
                "issues": "https://github.com/hhvm/hsl/issues",
                "source": "https://github.com/hhvm/hsl/tree/v4.108.1"
            },
            "time": "2021-05-04T14:32:06+00:00"
        }
    ],
    "packages-dev": [],
    "aliases": [],
    "minimum-stability": "stable",
    "stability-flags": [],
    "prefer-stable": false,
    "prefer-lowest": false,
    "platform": [],
    "platform-dev": [],
    "plugin-api-version": "2.1.0"
}
